
Microsoft Visual Studio Solution File, Format Version 12.00
# Visual Studio Version 17
VisualStudioVersion = 17.13.35931.197 d17.13
MinimumVisualStudioVersion = 10.0.40219.1
Project("{FAE04EC0-301F-11D3-BF4B-00C04F79EFBC}") = "Case 1.1", "Case 1.1\Case 1.1.csproj", "{9224DE63-3A36-4193-959E-BA7026F53970}"
EndProject
Global
	GlobalSection(SolutionConfigurationPlatforms) = preSolution
		Debug|Any CPU = Debug|Any CPU
		Release|Any CPU = Release|Any CPU
	EndGlobalSection
	GlobalSection(ProjectConfigurationPlatforms) = postSolution
		{9224DE63-3A36-4193-959E-BA7026F53970}.Debug|Any CPU.ActiveCfg = Debug|Any CPU
		{9224DE63-3A36-4193-959E-BA7026F53970}.Debug|Any CPU.Build.0 = Debug|Any CPU
		{9224DE63-3A36-4193-959E-BA7026F53970}.Release|Any CPU.ActiveCfg = Release|Any CPU
		{9224DE63-3A36-4193-959E-BA7026F53970}.Release|Any CPU.Build.0 = Release|Any CPU
	EndGlobalSection
	GlobalSection(SolutionProperties) = preSolution
		HideSolutionNode = FALSE
	EndGlobalSection
	GlobalSection(ExtensibilityGlobals) = postSolution
		SolutionGuid = {0C3B06F6-2947-40B8-A8A9-DD63147823DA}
	EndGlobalSection
EndGlobal
